// !$*UTF8*$!
{
	archiveVersion = 1;
	classes = {
	};
	objectVersion = 46;
	objects = {

/* Begin PBXBuildFile section */
		3C41B82C1CEB5195007C7C13 /* AppDelegate.swift in Sources */ = {isa = PBXBuildFile; fileRef = 3C41B82B1CEB5195007C7C13 /* AppDelegate.swift */; };
		3C41B82E1CEB5195007C7C13 /* Assets.xcassets in Resources */ = {isa = PBXBuildFile; fileRef = 3C41B82D1CEB5195007C7C13 /* Assets.xcassets */; };
		3C41B8311CEB5195007C7C13 /* MainMenu.xib in Resources */ = {isa = PBXBuildFile; fileRef = 3C41B82F1CEB5195007C7C13 /* MainMenu.xib */; };
		3C41B83C1CEB5195007C7C13 /* AllThatWeatherTests.swift in Sources */ = {isa = PBXBuildFile; fileRef = 3C41B83B1CEB5195007C7C13 /* AllThatWeatherTests.swift */; };
		3C41B8471CEB5195007C7C13 /* AllThatWeatherUITests.swift in Sources */ = {isa = PBXBuildFile; fileRef = 3C41B8461CEB5195007C7C13 /* AllThatWeatherUITests.swift */; };
		3C41B8551CEB51CB007C7C13 /* .gitignore in Resources */ = {isa = PBXBuildFile; fileRef = 3C41B8541CEB51CB007C7C13 /* .gitignore */; };
		3C41B85B1CEB5214007C7C13 /* PreferencesWindow.swift in Sources */ = {isa = PBXBuildFile; fileRef = 3C41B8561CEB5214007C7C13 /* PreferencesWindow.swift */; };
		3C41B85C1CEB5214007C7C13 /* PreferencesWindow.xib in Resources */ = {isa = PBXBuildFile; fileRef = 3C41B8571CEB5214007C7C13 /* PreferencesWindow.xib */; };
		3C41B85D1CEB5214007C7C13 /* StatusMenuController.swift in Sources */ = {isa = PBXBuildFile; fileRef = 3C41B8581CEB5214007C7C13 /* StatusMenuController.swift */; };
		3C41B85E1CEB5214007C7C13 /* WeatherAPI.swift in Sources */ = {isa = PBXBuildFile; fileRef = 3C41B8591CEB5214007C7C13 /* WeatherAPI.swift */; };
		3C41B85F1CEB5214007C7C13 /* WeatherView.swift in Sources */ = {isa = PBXBuildFile; fileRef = 3C41B85A1CEB5214007C7C13 /* WeatherView.swift */; };
/* End PBXBuildFile section */

/* Begin PBXContainerItemProxy section */
		3C41B8381CEB5195007C7C13 /* PBXContainerItemProxy */ = {
			isa = PBXContainerItemProxy;
			containerPortal = 3C41B8201CEB5195007C7C13 /* Project object */;
			proxyType = 1;
			remoteGlobalIDString = 3C41B8271CEB5195007C7C13;
			remoteInfo = AllThatWeather;
		};
		3C41B8431CEB5195007C7C13 /* PBXContainerItemProxy */ = {
			isa = PBXContainerItemProxy;
			containerPortal = 3C41B8201CEB5195007C7C13 /* Project object */;
			proxyType = 1;
			remoteGlobalIDString = 3C41B8271CEB5195007C7C13;
			remoteInfo = AllThatWeather;
		};
/* End PBXContainerItemProxy section */

/* Begin PBXFileReference section */
		3C41B8281CEB5195007C7C13 /* AllThatWeather.app */ = {isa = PBXFileReference; explicitFileType = wrapper.application; includeInIndex = 0; path = AllThatWeather.app; sourceTree = BUILT_PRODUCTS_DIR; };
		3C41B82B1CEB5195007C7C13 /* AppDelegate.swift */ = {isa = PBXFileReference; lastKnownFileType = sourcecode.swift; path = AppDelegate.swift; sourceTree = "<group>"; };
		3C41B82D1CEB5195007C7C13 /* Assets.xcassets */ = {isa = PBXFileReference; lastKnownFileType = folder.assetcatalog; path = Assets.xcassets; sourceTree = "<group>"; };
		3C41B8301CEB5195007C7C13 /* Base */ = {isa = PBXFileReference; lastKnownFileType = file.xib; name = Base; path = Base.lproj/MainMenu.xib; sourceTree = "<group>"; };
		3C41B8321CEB5195007C7C13 /* Info.plist */ = {isa = PBXFileReference; lastKnownFileType = text.plist.xml; path = Info.plist; sourceTree = "<group>"; };
		3C41B8371CEB5195007C7C13 /* AllThatWeatherTests.xctest */ = {isa = PBXFileReference; explicitFileType = wrapper.cfbundle; includeInIndex = 0; path = AllThatWeatherTests.xctest; sourceTree = BUILT_PRODUCTS_DIR; };
		3C41B83B1CEB5195007C7C13 /* AllThatWeatherTests.swift */ = {isa = PBXFileReference; lastKnownFileType = sourcecode.swift; path = AllThatWeatherTests.swift; sourceTree = "<group>"; };
		3C41B83D1CEB5195007C7C13 /* Info.plist */ = {isa = PBXFileReference; lastKnownFileType = text.plist.xml; path = Info.plist; sourceTree = "<group>"; };
		3C41B8421CEB5195007C7C13 /* AllThatWeatherUITests.xctest */ = {isa = PBXFileReference; explicitFileType = wrapper.cfbundle; includeInIndex = 0; path = AllThatWeatherUITests.xctest; sourceTree = BUILT_PRODUCTS_DIR; };
		3C41B8461CEB5195007C7C13 /* AllThatWeatherUITests.swift */ = {isa = PBXFileReference; lastKnownFileType = sourcecode.swift; path = AllThatWeatherUITests.swift; sourceTree = "<group>"; };
		3C41B8481CEB5195007C7C13 /* Info.plist */ = {isa = PBXFileReference; lastKnownFileType = text.plist.xml; path = Info.plist; sourceTree = "<group>"; };
		3C41B8541CEB51CB007C7C13 /* .gitignore */ = {isa = PBXFileReference; fileEncoding = 4; lastKnownFileType = text; path = .gitignore; sourceTree = "<group>"; };
		3C41B8561CEB5214007C7C13 /* PreferencesWindow.swift */ = {isa = PBXFileReference; fileEncoding = 4; lastKnownFileType = sourcecode.swift; path = PreferencesWindow.swift; sourceTree = "<group>"; };
		3C41B8571CEB5214007C7C13 /* PreferencesWindow.xib */ = {isa = PBXFileReference; fileEncoding = 4; lastKnownFileType = file.xib; path = PreferencesWindow.xib; sourceTree = "<group>"; };
		3C41B8581CEB5214007C7C13 /* StatusMenuController.swift */ = {isa = PBXFileReference; fileEncoding = 4; lastKnownFileType = sourcecode.swift; path = StatusMenuController.swift; sourceTree = "<group>"; };
		3C41B8591CEB5214007C7C13 /* WeatherAPI.swift */ = {isa = PBXFileReference; fileEncoding = 4; lastKnownFileType = sourcecode.swift; path = WeatherAPI.swift; sourceTree = "<group>"; };
		3C41B85A1CEB5214007C7C13 /* WeatherView.swift */ = {isa = PBXFileReference; fileEncoding = 4; lastKnownFileType = sourcecode.swift; path = WeatherView.swift; sourceTree = "<group>"; };
/* End PBXFileReference section */

/* Begin PBXFrameworksBuildPhase section */
		3C41B8251CEB5195007C7C13 /* Frameworks */ = {
			isa = PBXFrameworksBuildPhase;
			buildActionMask = 2147483647;
			files = (
			);
			runOnlyForDeploymentPostprocessing = 0;
		};
		3C41B8341CEB5195007C7C13 /* Frameworks */ = {
			isa = PBXFrameworksBuildPhase;
			buildActionMask = 2147483647;
			files = (
			);
			runOnlyForDeploymentPostprocessing = 0;
		};
		3C41B83F1CEB5195007C7C13 /* Frameworks */ = {
			isa = PBXFrameworksBuildPhase;
			buildActionMask = 2147483647;
			files = (
			);
			runOnlyForDeploymentPostprocessing = 0;
		};
/* End PBXFrameworksBuildPhase section */

/* Begin PBXGroup section */
		3C41B81F1CEB5195007C7C13 = {
			isa = PBXGroup;
			children = (
				3C41B8541CEB51CB007C7C13 /* .gitignore */,
				3C41B82A1CEB5195007C7C13 /* AllThatWeather */,
				3C41B83A1CEB5195007C7C13 /* AllThatWeatherTests */,
				3C41B8451CEB5195007C7C13 /* AllThatWeatherUITests */,
				3C41B8291CEB5195007C7C13 /* Products */,
			);
			sourceTree = "<group>";
		};
		3C41B8291CEB5195007C7C13 /* Products */ = {
			isa = PBXGroup;
			children = (
				3C41B8281CEB5195007C7C13 /* AllThatWeather.app */,
				3C41B8371CEB5195007C7C13 /* AllThatWeatherTests.xctest */,
				3C41B8421CEB5195007C7C13 /* AllThatWeatherUITests.xctest */,
			);
			name = Products;
			sourceTree = "<group>";
		};
		3C41B82A1CEB5195007C7C13 /* AllThatWeather */ = {
			isa = PBXGroup;
			children = (
				3C41B8561CEB5214007C7C13 /* PreferencesWindow.swift */,
				3C41B8571CEB5214007C7C13 /* PreferencesWindow.xib */,
				3C41B8581CEB5214007C7C13 /* StatusMenuController.swift */,
				3C41B8591CEB5214007C7C13 /* WeatherAPI.swift */,
				3C41B85A1CEB5214007C7C13 /* WeatherView.swift */,
				3C41B82B1CEB5195007C7C13 /* AppDelegate.swift */,
				3C41B82D1CEB5195007C7C13 /* Assets.xcassets */,
				3C41B82F1CEB5195007C7C13 /* MainMenu.xib */,
				3C41B8321CEB5195007C7C13 /* Info.plist */,
			);
			path = AllThatWeather;
			sourceTree = "<group>";
		};
		3C41B83A1CEB5195007C7C13 /* AllThatWeatherTests */ = {
			isa = PBXGroup;
			children = (
				3C41B83B1CEB5195007C7C13 /* AllThatWeatherTests.swift */,
				3C41B83D1CEB5195007C7C13 /* Info.plist */,
			);
			path = AllThatWeatherTests;
			sourceTree = "<group>";
		};
		3C41B8451CEB5195007C7C13 /* AllThatWeatherUITests */ = {
			isa = PBXGroup;
			children = (
				3C41B8461CEB5195007C7C13 /* AllThatWeatherUITests.swift */,
				3C41B8481CEB5195007C7C13 /* Info.plist */,
			);
			path = AllThatWeatherUITests;
			sourceTree = "<group>";
		};
/* End PBXGroup section */

/* Begin PBXNativeTarget section */
		3C41B8271CEB5195007C7C13 /* AllThatWeather */ = {
			isa = PBXNativeTarget;
			buildConfigurationList = 3C41B84B1CEB5195007C7C13 /* Build configuration list for PBXNativeTarget "AllThatWeather" */;
			buildPhases = (
				3C41B8241CEB5195007C7C13 /* Sources */,
				3C41B8251CEB5195007C7C13 /* Frameworks */,
				3C41B8261CEB5195007C7C13 /* Resources */,
			);
			buildRules = (
			);
			dependencies = (
			);
			name = AllThatWeather;
			productName = AllThatWeather;
			productReference = 3C41B8281CEB5195007C7C13 /* AllThatWeather.app */;
			productType = "com.apple.product-type.application";
		};
		3C41B8361CEB5195007C7C13 /* AllThatWeatherTests */ = {
			isa = PBXNativeTarget;
			buildConfigurationList = 3C41B84E1CEB5195007C7C13 /* Build configuration list for PBXNativeTarget "AllThatWeatherTests" */;
			buildPhases = (
				3C41B8331CEB5195007C7C13 /* Sources */,
				3C41B8341CEB5195007C7C13 /* Frameworks */,
				3C41B8351CEB5195007C7C13 /* Resources */,
			);
			buildRules = (
			);
			dependencies = (
				3C41B8391CEB5195007C7C13 /* PBXTargetDependency */,
			);
			name = AllThatWeatherTests;
			productName = AllThatWeatherTests;
			productReference = 3C41B8371CEB5195007C7C13 /* AllThatWeatherTests.xctest */;
			productType = "com.apple.product-type.bundle.unit-test";
		};
		3C41B8411CEB5195007C7C13 /* AllThatWeatherUITests */ = {
			isa = PBXNativeTarget;
			buildConfigurationList = 3C41B8511CEB5195007C7C13 /* Build configuration list for PBXNativeTarget "AllThatWeatherUITests" */;
			buildPhases = (
				3C41B83E1CEB5195007C7C13 /* Sources */,
				3C41B83F1CEB5195007C7C13 /* Frameworks */,
				3C41B8401CEB5195007C7C13 /* Resources */,
			);
			buildRules = (
			);
			dependencies = (
				3C41B8441CEB5195007C7C13 /* PBXTargetDependency */,
			);
			name = AllThatWeatherUITests;
			productName = AllThatWeatherUITests;
			productReference = 3C41B8421CEB5195007C7C13 /* AllThatWeatherUITests.xctest */;
			productType = "com.apple.product-type.bundle.ui-testing";
		};
/* End PBXNativeTarget section */

/* Begin PBXProject section */
		3C41B8201CEB5195007C7C13 /* Project object */ = {
			isa = PBXProject;
			attributes = {
				LastSwiftUpdateCheck = 0730;
				LastUpgradeCheck = 0800;
				ORGANIZATIONNAME = Handicraft;
				TargetAttributes = {
					3C41B8271CEB5195007C7C13 = {
						CreatedOnToolsVersion = 7.3.1;
						LastSwiftMigration = 0800;
					};
					3C41B8361CEB5195007C7C13 = {
						CreatedOnToolsVersion = 7.3.1;
						LastSwiftMigration = 0800;
						TestTargetID = 3C41B8271CEB5195007C7C13;
					};
					3C41B8411CEB5195007C7C13 = {
						CreatedOnToolsVersion = 7.3.1;
						LastSwiftMigration = 0800;
						TestTargetID = 3C41B8271CEB5195007C7C13;
					};
				};
			};
			buildConfigurationList = 3C41B8231CEB5195007C7C13 /* Build configuration list for PBXProject "AllThatWeather" */;
			compatibilityVersion = "Xcode 3.2";
			developmentRegion = English;
			hasScannedForEncodings = 0;
			knownRegions = (
				en,
				Base,
			);
			mainGroup = 3C41B81F1CEB5195007C7C13;
			productRefGroup = 3C41B8291CEB5195007C7C13 /* Products */;
			projectDirPath = "";
			projectRoot = "";
			targets = (
				3C41B8271CEB5195007C7C13 /* AllThatWeather */,
				3C41B8361CEB5195007C7C13 /* AllThatWeatherTests */,
				3C41B8411CEB5195007C7C13 /* AllThatWeatherUITests */,
			);
		};
/* End PBXProject section */

/* Begin PBXResourcesBuildPhase section */
		3C41B8261CEB5195007C7C13 /* Resources */ = {
			isa = PBXResourcesBuildPhase;
			buildActionMask = 2147483647;
			files = (
				3C41B85C1CEB5214007C7C13 /* PreferencesWindow.xib in Resources */,
				3C41B82E1CEB5195007C7C13 /* Assets.xcassets in Resources */,
				3C41B8551CEB51CB007C7C13 /* .gitignore in Resources */,
				3C41B8311CEB5195007C7C13 /* MainMenu.xib in Resources */,
			);
			runOnlyForDeploymentPostprocessing = 0;
		};
		3C41B8351CEB5195007C7C13 /* Resources */ = {
			isa = PBXResourcesBuildPhase;
			buildActionMask = 2147483647;
			files = (
			);
			runOnlyForDeploymentPostprocessing = 0;
		};
		3C41B8401CEB5195007C7C13 /* Resources */ = {
			isa = PBXResourcesBuildPhase;
			buildActionMask = 2147483647;
			files = (
			);
			runOnlyForDeploymentPostprocessing = 0;
		};
/* End PBXResourcesBuildPhase section */

/* Begin PBXSourcesBuildPhase section */
		3C41B8241CEB5195007C7C13 /* Sources */ = {
			isa = PBXSourcesBuildPhase;
			buildActionMask = 2147483647;
			files = (
				3C41B85F1CEB5214007C7C13 /* WeatherView.swift in Sources */,
				3C41B85D1CEB5214007C7C13 /* StatusMenuController.swift in Sources */,
				3C41B85E1CEB5214007C7C13 /* WeatherAPI.swift in Sources */,
				3C41B85B1CEB5214007C7C13 /* PreferencesWindow.swift in Sources */,
				3C41B82C1CEB5195007C7C13 /* AppDelegate.swift in Sources */,
			);
			runOnlyForDeploymentPostprocessing = 0;
		};
		3C41B8331CEB5195007C7C13 /* Sources */ = {
			isa = PBXSourcesBuildPhase;
			buildActionMask = 2147483647;
			files = (
				3C41B83C1CEB5195007C7C13 /* AllThatWeatherTests.swift in Sources */,
			);
			runOnlyForDeploymentPostprocessing = 0;
		};
		3C41B83E1CEB5195007C7C13 /* Sources */ = {
			isa = PBXSourcesBuildPhase;
			buildActionMask = 2147483647;
			files = (
				3C41B8471CEB5195007C7C13 /* AllThatWeatherUITests.swift in Sources */,
			);
			runOnlyForDeploymentPostprocessing = 0;
		};
/* End PBXSourcesBuildPhase section */

/* Begin PBXTargetDependency section */
		3C41B8391CEB5195007C7C13 /* PBXTargetDependency */ = {
			isa = PBXTargetDependency;
			target = 3C41B8271CEB5195007C7C13 /* AllThatWeather */;
			targetProxy = 3C41B8381CEB5195007C7C13 /* PBXContainerItemProxy */;
		};
		3C41B8441CEB5195007C7C13 /* PBXTargetDependency */ = {
			isa = PBXTargetDependency;
			target = 3C41B8271CEB5195007C7C13 /* AllThatWeather */;
			targetProxy = 3C41B8431CEB5195007C7C13 /* PBXContainerItemProxy */;
		};
/* End PBXTargetDependency section */

/* Begin PBXVariantGroup section */
		3C41B82F1CEB5195007C7C13 /* MainMenu.xib */ = {
			isa = PBXVariantGroup;
			children = (
				3C41B8301CEB5195007C7C13 /* Base */,
			);
			name = MainMenu.xib;
			sourceTree = "<group>";
		};
/* End PBXVariantGroup section */

/* Begin XCBuildConfiguration section */
		3C41B8491CEB5195007C7C13 /* Debug */ = {
			isa = XCBuildConfiguration;
			buildSettings = {
				ALWAYS_SEARCH_USER_PATHS = NO;
				CLANG_ANALYZER_NONNULL = YES;
				CLANG_CXX_LANGUAGE_STANDARD = "gnu++0x";
				CLANG_CXX_LIBRARY = "libc++";
				CLANG_ENABLE_MODULES = YES;
				CLANG_ENABLE_OBJC_ARC = YES;
				CLANG_WARN_BOOL_CONVERSION = YES;
				CLANG_WARN_CONSTANT_CONVERSION = YES;
				CLANG_WARN_DIRECT_OBJC_ISA_USAGE = YES_ERROR;
				CLANG_WARN_EMPTY_BODY = YES;
				CLANG_WARN_ENUM_CONVERSION = YES;
				CLANG_WARN_INFINITE_RECURSION = YES;
				CLANG_WARN_INT_CONVERSION = YES;
				CLANG_WARN_OBJC_ROOT_CLASS = YES_ERROR;
				CLANG_WARN_SUSPICIOUS_MOVE = YES;
				CLANG_WARN_UNREACHABLE_CODE = YES;
				CLANG_WARN__DUPLICATE_METHOD_MATCH = YES;
				CODE_SIGN_IDENTITY = "-";
				COPY_PHASE_STRIP = NO;
				DEBUG_INFORMATION_FORMAT = dwarf;
				ENABLE_STRICT_OBJC_MSGSEND = YES;
				ENABLE_TESTABILITY = YES;
				GCC_C_LANGUAGE_STANDARD = gnu99;
				GCC_DYNAMIC_NO_PIC = NO;
				GCC_NO_COMMON_BLOCKS = YES;
				GCC_OPTIMIZATION_LEVEL = 0;
				GCC_PREPROCESSOR_DEFINITIONS = (
					"DEBUG=1",
					"$(inherited)",
				);
				GCC_WARN_64_TO_32_BIT_CONVERSION = YES;
				GCC_WARN_ABOUT_RETURN_TYPE = YES_ERROR;
				GCC_WARN_UNDECLARED_SELECTOR = YES;
				GCC_WARN_UNINITIALIZED_AUTOS = YES_AGGRESSIVE;
				GCC_WARN_UNUSED_FUNCTION = YES;
				GCC_WARN_UNUSED_VARIABLE = YES;
				MACOSX_DEPLOYMENT_TARGET = 10.11;
				MTL_ENABLE_DEBUG_INFO = YES;
				ONLY_ACTIVE_ARCH = YES;
				SDKROOT = macosx;
				SWIFT_OPTIMIZATION_LEVEL = "-Onone";
			};
			name = Debug;
		};
		3C41B84A1CEB5195007C7C13 /* Release */ = {
			isa = XCBuildConfiguration;
			buildSettings = {
				ALWAYS_SEARCH_USER_PATHS = NO;
				CLANG_ANALYZER_NONNULL = YES;
				CLANG_CXX_LANGUAGE_STANDARD = "gnu++0x";
				CLANG_CXX_LIBRARY = "libc++";
				CLANG_ENABLE_MODULES = YES;
				CLANG_ENABLE_OBJC_ARC = YES;
				CLANG_WARN_BOOL_CONVERSION = YES;
				CLANG_WARN_CONSTANT_CONVERSION = YES;
				CLANG_WARN_DIRECT_OBJC_ISA_USAGE = YES_ERROR;
				CLANG_WARN_EMPTY_BODY = YES;
				CLANG_WARN_ENUM_CONVERSION = YES;
				CLANG_WARN_INFINITE_RECURSION = YES;
				CLANG_WARN_INT_CONVERSION = YES;
				CLANG_WARN_OBJC_ROOT_CLASS = YES_ERROR;
				CLANG_WARN_SUSPICIOUS_MOVE = YES;
				CLANG_WARN_UNREACHABLE_CODE = YES;
				CLANG_WARN__DUPLICATE_METHOD_MATCH = YES;
				CODE_SIGN_IDENTITY = "-";
				COPY_PHASE_STRIP = NO;
				DEBUG_INFORMATION_FORMAT = "dwarf-with-dsym";
				ENABLE_NS_ASSERTIONS = NO;
				ENABLE_STRICT_OBJC_MSGSEND = YES;
				GCC_C_LANGUAGE_STANDARD = gnu99;
				GCC_NO_COMMON_BLOCKS = YES;
				GCC_WARN_64_TO_32_BIT_CONVERSION = YES;
				GCC_WARN_ABOUT_RETURN_TYPE = YES_ERROR;
				GCC_WARN_UNDECLARED_SELECTOR = YES;
				GCC_WARN_UNINITIALIZED_AUTOS = YES_AGGRESSIVE;
				GCC_WARN_UNUSED_FUNCTION = YES;
				GCC_WARN_UNUSED_VARIABLE = YES;
				MACOSX_DEPLOYMENT_TARGET = 10.11;
				MTL_ENABLE_DEBUG_INFO = NO;
				SDKROOT = macosx;
				SWIFT_OPTIMIZATION_LEVEL = "-Owholemodule";
			};
			name = Release;
		};
		3C41B84C1CEB5195007C7C13 /* Debug */ = {
			isa = XCBuildConfiguration;
			buildSettings = {
				ASSETCATALOG_COMPILER_APPICON_NAME = AppIcon;
				COMBINE_HIDPI_IMAGES = YES;
				INFOPLIST_FILE = AllThatWeather/Info.plist;
				LD_RUNPATH_SEARCH_PATHS = "$(inherited) @executable_path/../Frameworks";
				PRODUCT_BUNDLE_IDENTIFIER = io.handicraft.AllThatWeather;
				PRODUCT_NAME = "$(TARGET_NAME)";
				SWIFT_VERSION = 3.0;
			};
			name = Debug;
		};
		3C41B84D1CEB5195007C7C13 /* Release */ = {
			isa = XCBuildConfiguration;
			buildSettings = {
				ASSETCATALOG_COMPILER_APPICON_NAME = AppIcon;
				COMBINE_HIDPI_IMAGES = YES;
				INFOPLIST_FILE = AllThatWeather/Info.plist;
				LD_RUNPATH_SEARCH_PATHS = "$(inherited) @executable_path/../Frameworks";
				PRODUCT_BUNDLE_IDENTIFIER = io.handicraft.AllThatWeather;
				PRODUCT_NAME = "$(TARGET_NAME)";
				SWIFT_VERSION = 3.0;
			};
			name = Release;
		};
		3C41B84F1CEB5195007C7C13 /* Debug */ = {
			isa = XCBuildConfiguration;
			buildSettings = {
				BUNDLE_LOADER = "$(TEST_HOST)";
				COMBINE_HIDPI_IMAGES = YES;
				INFOPLIST_FILE = AllThatWeatherTests/Info.plist;
				LD_RUNPATH_SEARCH_PATHS = "$(inherited) @executable_path/../Frameworks @loader_path/../Frameworks";
				PRODUCT_BUNDLE_IDENTIFIER = io.handicraft.AllThatWeatherTests;
				PRODUCT_NAME = "$(TARGET_NAME)";
				SWIFT_VERSION = 3.0;
				TEST_HOST = "$(BUILT_PRODUCTS_DIR)/AllThatWeather.app/Contents/MacOS/AllThatWeather";
			};
			name = Debug;
		};
		3C41B8501CEB5195007C7C13 /* Release */ = {
			isa = XCBuildConfiguration;
			buildSettings = {
				BUNDLE_LOADER = "$(TEST_HOST)";
				COMBINE_HIDPI_IMAGES = YES;
				INFOPLIST_FILE = AllThatWeatherTests/Info.plist;
				LD_RUNPATH_SEARCH_PATHS = "$(inherited) @executable_path/../Frameworks @loader_path/../Frameworks";
				PRODUCT_BUNDLE_IDENTIFIER = io.handicraft.AllThatWeatherTests;
				PRODUCT_NAME = "$(TARGET_NAME)";
				SWIFT_VERSION = 3.0;
				TEST_HOST = "$(BUILT_PRODUCTS_DIR)/AllThatWeather.app/Contents/MacOS/AllThatWeather";
			};
			name = Release;
		};
		3C41B8521CEB5195007C7C13 /* Debug */ = {
			isa = XCBuildConfiguration;
			buildSettings = {
				COMBINE_HIDPI_IMAGES = YES;
				INFOPLIST_FILE = AllThatWeatherUITests/Info.plist;
				LD_RUNPATH_SEARCH_PATHS = "$(inherited) @executable_path/../Frameworks @loader_path/../Frameworks";
				PRODUCT_BUNDLE_IDENTIFIER = io.handicraft.AllThatWeatherUITests;
				PRODUCT_NAME = "$(TARGET_NAME)";
				SWIFT_VERSION = 3.0;
				TEST_TARGET_NAME = AllThatWeather;
			};
			name = Debug;
		};
		3C41B8531CEB5195007C7C13 /* Release */ = {
			isa = XCBuildConfiguration;
			buildSettings = {
				COMBINE_HIDPI_IMAGES = YES;
				INFOPLIST_FILE = AllThatWeatherUITests/Info.plist;
				LD_RUNPATH_SEARCH_PATHS = "$(inherited) @executable_path/../Frameworks @loader_path/../Frameworks";
				PRODUCT_BUNDLE_IDENTIFIER = io.handicraft.AllThatWeatherUITests;
				PRODUCT_NAME = "$(TARGET_NAME)";
				SWIFT_VERSION = 3.0;
				TEST_TARGET_NAME = AllThatWeather;
			};
			name = Release;
		};
/* End XCBuildConfiguration section */

/* Begin XCConfigurationList section */
		3C41B8231CEB5195007C7C13 /* Build configuration list for PBXProject "AllThatWeather" */ = {
			isa = XCConfigurationList;
			buildConfigurations = (
				3C41B8491CEB5195007C7C13 /* Debug */,
				3C41B84A1CEB5195007C7C13 /* Release */,
			);
			defaultConfigurationIsVisible = 0;
			defaultConfigurationName = Release;
		};
		3C41B84B1CEB5195007C7C13 /* Build configuration list for PBXNativeTarget "AllThatWeather" */ = {
			isa = XCConfigurationList;
			buildConfigurations = (
				3C41B84C1CEB5195007C7C13 /* Debug */,
				3C41B84D1CEB5195007C7C13 /* Release */,
			);
			defaultConfigurationIsVisible = 0;
			defaultConfigurationName = Release;
		};
		3C41B84E1CEB5195007C7C13 /* Build configuration list for PBXNativeTarget "AllThatWeatherTests" */ = {
			isa = XCConfigurationList;
			buildConfigurations = (
				3C41B84F1CEB5195007C7C13 /* Debug */,
				3C41B8501CEB5195007C7C13 /* Release */,
			);
			defaultConfigurationIsVisible = 0;
			defaultConfigurationName = Release;
		};
		3C41B8511CEB5195007C7C13 /* Build configuration list for PBXNativeTarget "AllThatWeatherUITests" */ = {
			isa = XCConfigurationList;
			buildConfigurations = (
				3C41B8521CEB5195007C7C13 /* Debug */,
				3C41B8531CEB5195007C7C13 /* Release */,
			);
			defaultConfigurationIsVisible = 0;
			defaultConfigurationName = Release;
		};
/* End XCConfigurationList section */
	};
	rootObject = 3C41B8201CEB5195007C7C13 /* Project object */;
}
